info:
  namespace: space
items:
  cheese_block:
    display_name: "Bloc de fromage"
    lore:
      - ""
      - "§r§fBloc de Fromton."
      - "§r§f§oIssue de la snapshot 23w13a_or_b."
      - ""
    resource:
      generate: true
      material: PAPER
      textures:
        - "cheese_block"
    specific_properties:
      block:
        placed_model:
          type: REAL_NOTE
          break_particles: ITEM
      hardness: 2
      blast_resistance: 1

recipes:
  crafting_table:
    cheese_block:
      enabled: true
      pattern:
        - XCC
        - XCC
      ingredients:
        C: "space:cheese"
      result:
        item: "space:cheese_block"
        amount: 1